dependencies:
- name: postgresql
  repository: https://charts.helm.sh/stable
  version: 8.6.3
- name: chartreuse
  repository: file://../../../helm-chart/chartreuse
  version: 4.0.0
digest: sha256:e177f612feb9a9616e6963ba0d42df52d0d8d831b9bd43129299499ab5096301
generated: "2021-10-04T12:48:54.781831+02:00"
