dependencies:
- name: postgresql
  repository: https://charts.helm.sh/stable
  version: 8.6.3
- name: chartreuse
  repository: https://wiremind.github.io/wiremind-helm-charts
  version: 4.0.0
digest: sha256:4b31db6118835e807d5a26332b7cbc4bc5ec8ff1bffba113db33d7e27116a043
generated: "2021-10-04T15:54:40.411683+02:00"
