dependencies:
- name: postgresql
  repository: https://kubernetes-charts.storage.googleapis.com
  version: 8.6.3
- name: elasticsearch
  repository: https://helm.elastic.co
  version: 7.6.1
- name: chartreuse
  repository: file://../../../../../../helm-chart/chartreuse
  version: 2.2.0
digest: sha256:2984ed81f4b7328a1f199d2851844601f736ea5585e6314ab4ceea71ac6945fe
generated: "2020-09-09T21:04:09.70578+02:00"
