dependencies:
- name: postgresql
  repository: https://kubernetes-charts.storage.googleapis.com
  version: 8.6.3
- name: elasticsearch
  repository: https://helm.elastic.co
  version: 7.6.1
- name: chartreuse
  repository: file://../../../../../../helm-chart/chartreuse
  version: 2.0.0-dev17
digest: sha256:645976325650e4f4047fbd66cf3fe85ec455a8301b4ac78fd4a94ce97b293eee
generated: "2020-04-22T07:37:19.38084+02:00"
